
Microsoft Visual Studio Solution File, Format Version 12.00
# Visual Studio Version 17
VisualStudioVersion = 17.3.32929.385
MinimumVisualStudioVersion = 10.0.40219.1
Project("{FAE04EC0-301F-11D3-BF4B-00C04F79EFBC}") = "Project 2 (Perfect Number.)", "Project 2 (Perfect Number.)\Project 2 (Perfect Number.).csproj", "{5D64CE6F-9212-458B-8241-9DAD8C11B79B}"
EndProject
Global
	GlobalSection(SolutionConfigurationPlatforms) = preSolution
		Debug|Any CPU = Debug|Any CPU
		Release|Any CPU = Release|Any CPU
	EndGlobalSection
	GlobalSection(ProjectConfigurationPlatforms) = postSolution
		{5D64CE6F-9212-458B-8241-9DAD8C11B79B}.Debug|Any CPU.ActiveCfg = Debug|Any CPU
		{5D64CE6F-9212-458B-8241-9DAD8C11B79B}.Debug|Any CPU.Build.0 = Debug|Any CPU
		{5D64CE6F-9212-458B-8241-9DAD8C11B79B}.Release|Any CPU.ActiveCfg = Release|Any CPU
		{5D64CE6F-9212-458B-8241-9DAD8C11B79B}.Release|Any CPU.Build.0 = Release|Any CPU
	EndGlobalSection
	GlobalSection(SolutionProperties) = preSolution
		HideSolutionNode = FALSE
	EndGlobalSection
	GlobalSection(ExtensibilityGlobals) = postSolution
		SolutionGuid = {06504274-5BBF-4E01-95E4-25BEE7E0B5C0}
	EndGlobalSection
EndGlobal
